
Microsoft Visual Studio Solution File, Format Version 12.00
# Visual Studio Version 17
VisualStudioVersion = 17.11.35222.181
MinimumVisualStudioVersion = 10.0.40219.1
Project("{FAE04EC0-301F-11D3-BF4B-00C04F79EFBC}") = "params key", "params key\params key.csproj", "{B8B4CE1B-84B9-4FF1-B68E-3A3FCD22FE4B}"
EndProject
Global
	GlobalSection(SolutionConfigurationPlatforms) = preSolution
		Debug|Any CPU = Debug|Any CPU
		Release|Any CPU = Release|Any CPU
	EndGlobalSection
	GlobalSection(ProjectConfigurationPlatforms) = postSolution
		{B8B4CE1B-84B9-4FF1-B68E-3A3FCD22FE4B}.Debug|Any CPU.ActiveCfg = Debug|Any CPU
		{B8B4CE1B-84B9-4FF1-B68E-3A3FCD22FE4B}.Debug|Any CPU.Build.0 = Debug|Any CPU
		{B8B4CE1B-84B9-4FF1-B68E-3A3FCD22FE4B}.Release|Any CPU.ActiveCfg = Release|Any CPU
		{B8B4CE1B-84B9-4FF1-B68E-3A3FCD22FE4B}.Release|Any CPU.Build.0 = Release|Any CPU
	EndGlobalSection
	GlobalSection(SolutionProperties) = preSolution
		HideSolutionNode = FALSE
	EndGlobalSection
	GlobalSection(ExtensibilityGlobals) = postSolution
		SolutionGuid = {804B9454-8649-4CA1-9170-B4B76A4DAC8A}
	EndGlobalSection
EndGlobal
