
Microsoft Visual Studio Solution File, Format Version 12.00
# Visual Studio Version 17
VisualStudioVersion = 17.10.35122.118
MinimumVisualStudioVersion = 10.0.40219.1
Project("{FAE04EC0-301F-11D3-BF4B-00C04F79EFBC}") = "21-8-24", "21-8-24\21-8-24.csproj", "{B678E197-B824-42D2-98A7-9BA22782EF17}"
EndProject
Global
	GlobalSection(SolutionConfigurationPlatforms) = preSolution
		Debug|Any CPU = Debug|Any CPU
		Release|Any CPU = Release|Any CPU
	EndGlobalSection
	GlobalSection(ProjectConfigurationPlatforms) = postSolution
		{B678E197-B824-42D2-98A7-9BA22782EF17}.Debug|Any CPU.ActiveCfg = Debug|Any CPU
		{B678E197-B824-42D2-98A7-9BA22782EF17}.Debug|Any CPU.Build.0 = Debug|Any CPU
		{B678E197-B824-42D2-98A7-9BA22782EF17}.Release|Any CPU.ActiveCfg = Release|Any CPU
		{B678E197-B824-42D2-98A7-9BA22782EF17}.Release|Any CPU.Build.0 = Release|Any CPU
	EndGlobalSection
	GlobalSection(SolutionProperties) = preSolution
		HideSolutionNode = FALSE
	EndGlobalSection
	GlobalSection(ExtensibilityGlobals) = postSolution
		SolutionGuid = {DFD0C037-E568-4AAF-9824-ED6D16B917D8}
	EndGlobalSection
EndGlobal
