
Microsoft Visual Studio Solution File, Format Version 12.00
# Visual Studio Version 17
VisualStudioVersion = 17.11.35222.181
MinimumVisualStudioVersion = 10.0.40219.1
Project("{FAE04EC0-301F-11D3-BF4B-00C04F79EFBC}") = "gunting batu kertas", "gunting batu kertas\gunting batu kertas.csproj", "{920683F1-B9D7-449F-884D-90F1ECCB9E28}"
EndProject
Global
	GlobalSection(SolutionConfigurationPlatforms) = preSolution
		Debug|Any CPU = Debug|Any CPU
		Release|Any CPU = Release|Any CPU
	EndGlobalSection
	GlobalSection(ProjectConfigurationPlatforms) = postSolution
		{920683F1-B9D7-449F-884D-90F1ECCB9E28}.Debug|Any CPU.ActiveCfg = Debug|Any CPU
		{920683F1-B9D7-449F-884D-90F1ECCB9E28}.Debug|Any CPU.Build.0 = Debug|Any CPU
		{920683F1-B9D7-449F-884D-90F1ECCB9E28}.Release|Any CPU.ActiveCfg = Release|Any CPU
		{920683F1-B9D7-449F-884D-90F1ECCB9E28}.Release|Any CPU.Build.0 = Release|Any CPU
	EndGlobalSection
	GlobalSection(SolutionProperties) = preSolution
		HideSolutionNode = FALSE
	EndGlobalSection
	GlobalSection(ExtensibilityGlobals) = postSolution
		SolutionGuid = {75C0D5F4-DBE2-4D8C-AE80-CAB62DFC622B}
	EndGlobalSection
EndGlobal
