
Microsoft Visual Studio Solution File, Format Version 12.00
# Visual Studio Version 17
VisualStudioVersion = 17.11.35222.181
MinimumVisualStudioVersion = 10.0.40219.1
Project("{FAE04EC0-301F-11D3-BF4B-00C04F79EFBC}") = "return keyword", "return keyword\return keyword.csproj", "{FF40648B-1B07-4FB8-901C-FF215E433A56}"
EndProject
Global
	GlobalSection(SolutionConfigurationPlatforms) = preSolution
		Debug|Any CPU = Debug|Any CPU
		Release|Any CPU = Release|Any CPU
	EndGlobalSection
	GlobalSection(ProjectConfigurationPlatforms) = postSolution
		{FF40648B-1B07-4FB8-901C-FF215E433A56}.Debug|Any CPU.ActiveCfg = Debug|Any CPU
		{FF40648B-1B07-4FB8-901C-FF215E433A56}.Debug|Any CPU.Build.0 = Debug|Any CPU
		{FF40648B-1B07-4FB8-901C-FF215E433A56}.Release|Any CPU.ActiveCfg = Release|Any CPU
		{FF40648B-1B07-4FB8-901C-FF215E433A56}.Release|Any CPU.Build.0 = Release|Any CPU
	EndGlobalSection
	GlobalSection(SolutionProperties) = preSolution
		HideSolutionNode = FALSE
	EndGlobalSection
	GlobalSection(ExtensibilityGlobals) = postSolution
		SolutionGuid = {5F4D7A2C-0378-4545-90F5-935AE9E76EB4}
	EndGlobalSection
EndGlobal
