
Microsoft Visual Studio Solution File, Format Version 12.00
# Visual Studio Version 17
VisualStudioVersion = 17.10.35122.118
MinimumVisualStudioVersion = 10.0.40219.1
Project("{FAE04EC0-301F-11D3-BF4B-00C04F79EFBC}") = "num guess", "num guess\num guess.csproj", "{DE319ECB-EB47-4555-ACF3-4DF9ED74EA09}"
EndProject
Global
	GlobalSection(SolutionConfigurationPlatforms) = preSolution
		Debug|Any CPU = Debug|Any CPU
		Release|Any CPU = Release|Any CPU
	EndGlobalSection
	GlobalSection(ProjectConfigurationPlatforms) = postSolution
		{DE319ECB-EB47-4555-ACF3-4DF9ED74EA09}.Debug|Any CPU.ActiveCfg = Debug|Any CPU
		{DE319ECB-EB47-4555-ACF3-4DF9ED74EA09}.Debug|Any CPU.Build.0 = Debug|Any CPU
		{DE319ECB-EB47-4555-ACF3-4DF9ED74EA09}.Release|Any CPU.ActiveCfg = Release|Any CPU
		{DE319ECB-EB47-4555-ACF3-4DF9ED74EA09}.Release|Any CPU.Build.0 = Release|Any CPU
	EndGlobalSection
	GlobalSection(SolutionProperties) = preSolution
		HideSolutionNode = FALSE
	EndGlobalSection
	GlobalSection(ExtensibilityGlobals) = postSolution
		SolutionGuid = {2B69336A-DD94-4979-BE4B-A744BEA6D0BE}
	EndGlobalSection
EndGlobal
