
Microsoft Visual Studio Solution File, Format Version 12.00
# Visual Studio Version 17
VisualStudioVersion = 17.11.35222.181
MinimumVisualStudioVersion = 10.0.40219.1
Project("{FAE04EC0-301F-11D3-BF4B-00C04F79EFBC}") = "generics", "generics\generics.csproj", "{BDDCE863-1393-430A-A330-E40304C0A73C}"
EndProject
Global
	GlobalSection(SolutionConfigurationPlatforms) = preSolution
		Debug|Any CPU = Debug|Any CPU
		Release|Any CPU = Release|Any CPU
	EndGlobalSection
	GlobalSection(ProjectConfigurationPlatforms) = postSolution
		{BDDCE863-1393-430A-A330-E40304C0A73C}.Debug|Any CPU.ActiveCfg = Debug|Any CPU
		{BDDCE863-1393-430A-A330-E40304C0A73C}.Debug|Any CPU.Build.0 = Debug|Any CPU
		{BDDCE863-1393-430A-A330-E40304C0A73C}.Release|Any CPU.ActiveCfg = Release|Any CPU
		{BDDCE863-1393-430A-A330-E40304C0A73C}.Release|Any CPU.Build.0 = Release|Any CPU
	EndGlobalSection
	GlobalSection(SolutionProperties) = preSolution
		HideSolutionNode = FALSE
	EndGlobalSection
	GlobalSection(ExtensibilityGlobals) = postSolution
		SolutionGuid = {67DC1929-7813-4973-8506-2EB7A2E88D89}
	EndGlobalSection
EndGlobal
