
Microsoft Visual Studio Solution File, Format Version 12.00
# Visual Studio Version 17
VisualStudioVersion = 17.11.35222.181
MinimumVisualStudioVersion = 10.0.40219.1
Project("{FAE04EC0-301F-11D3-BF4B-00C04F79EFBC}") = "methode overriding", "methode overriding\methode overriding.csproj", "{2B67381D-C8D8-4F30-9F22-4ADC2002DF9B}"
EndProject
Global
	GlobalSection(SolutionConfigurationPlatforms) = preSolution
		Debug|Any CPU = Debug|Any CPU
		Release|Any CPU = Release|Any CPU
	EndGlobalSection
	GlobalSection(ProjectConfigurationPlatforms) = postSolution
		{2B67381D-C8D8-4F30-9F22-4ADC2002DF9B}.Debug|Any CPU.ActiveCfg = Debug|Any CPU
		{2B67381D-C8D8-4F30-9F22-4ADC2002DF9B}.Debug|Any CPU.Build.0 = Debug|Any CPU
		{2B67381D-C8D8-4F30-9F22-4ADC2002DF9B}.Release|Any CPU.ActiveCfg = Release|Any CPU
		{2B67381D-C8D8-4F30-9F22-4ADC2002DF9B}.Release|Any CPU.Build.0 = Release|Any CPU
	EndGlobalSection
	GlobalSection(SolutionProperties) = preSolution
		HideSolutionNode = FALSE
	EndGlobalSection
	GlobalSection(ExtensibilityGlobals) = postSolution
		SolutionGuid = {87516A7A-908A-4461-844A-B71EEF9DF28C}
	EndGlobalSection
EndGlobal
