
Microsoft Visual Studio Solution File, Format Version 12.00
# Visual Studio Version 17
VisualStudioVersion = 17.11.35222.181
MinimumVisualStudioVersion = 10.0.40219.1
Project("{FAE04EC0-301F-11D3-BF4B-00C04F79EFBC}") = "string interpolaltion", "string interpolaltion\string interpolaltion.csproj", "{8F2E5B8C-9399-4B90-9FFA-1918C5D2EFC9}"
EndProject
Global
	GlobalSection(SolutionConfigurationPlatforms) = preSolution
		Debug|Any CPU = Debug|Any CPU
		Release|Any CPU = Release|Any CPU
	EndGlobalSection
	GlobalSection(ProjectConfigurationPlatforms) = postSolution
		{8F2E5B8C-9399-4B90-9FFA-1918C5D2EFC9}.Debug|Any CPU.ActiveCfg = Debug|Any CPU
		{8F2E5B8C-9399-4B90-9FFA-1918C5D2EFC9}.Debug|Any CPU.Build.0 = Debug|Any CPU
		{8F2E5B8C-9399-4B90-9FFA-1918C5D2EFC9}.Release|Any CPU.ActiveCfg = Release|Any CPU
		{8F2E5B8C-9399-4B90-9FFA-1918C5D2EFC9}.Release|Any CPU.Build.0 = Release|Any CPU
	EndGlobalSection
	GlobalSection(SolutionProperties) = preSolution
		HideSolutionNode = FALSE
	EndGlobalSection
	GlobalSection(ExtensibilityGlobals) = postSolution
		SolutionGuid = {26F7E470-25D7-48F2-951F-A22D7D4C6120}
	EndGlobalSection
EndGlobal
