
Microsoft Visual Studio Solution File, Format Version 12.00
# Visual Studio Version 17
VisualStudioVersion = 17.11.35222.181
MinimumVisualStudioVersion = 10.0.40219.1
Project("{FAE04EC0-301F-11D3-BF4B-00C04F79EFBC}") = "foreach loop", "foreach loop\foreach loop.csproj", "{30D9CF17-325A-4240-AB17-B7CB33C68A96}"
EndProject
Global
	GlobalSection(SolutionConfigurationPlatforms) = preSolution
		Debug|Any CPU = Debug|Any CPU
		Release|Any CPU = Release|Any CPU
	EndGlobalSection
	GlobalSection(ProjectConfigurationPlatforms) = postSolution
		{30D9CF17-325A-4240-AB17-B7CB33C68A96}.Debug|Any CPU.ActiveCfg = Debug|Any CPU
		{30D9CF17-325A-4240-AB17-B7CB33C68A96}.Debug|Any CPU.Build.0 = Debug|Any CPU
		{30D9CF17-325A-4240-AB17-B7CB33C68A96}.Release|Any CPU.ActiveCfg = Release|Any CPU
		{30D9CF17-325A-4240-AB17-B7CB33C68A96}.Release|Any CPU.Build.0 = Release|Any CPU
	EndGlobalSection
	GlobalSection(SolutionProperties) = preSolution
		HideSolutionNode = FALSE
	EndGlobalSection
	GlobalSection(ExtensibilityGlobals) = postSolution
		SolutionGuid = {EE899D03-D9F4-4D32-9E23-B862EE77F01A}
	EndGlobalSection
EndGlobal
