
Microsoft Visual Studio Solution File, Format Version 12.00
# Visual Studio Version 17
VisualStudioVersion = 17.10.35122.118
MinimumVisualStudioVersion = 10.0.40219.1
Project("{FAE04EC0-301F-11D3-BF4B-00C04F79EFBC}") = "forloops", "forloops\forloops.csproj", "{C62A95A3-2110-4A40-9150-0C715399B9FE}"
EndProject
Global
	GlobalSection(SolutionConfigurationPlatforms) = preSolution
		Debug|Any CPU = Debug|Any CPU
		Release|Any CPU = Release|Any CPU
	EndGlobalSection
	GlobalSection(ProjectConfigurationPlatforms) = postSolution
		{C62A95A3-2110-4A40-9150-0C715399B9FE}.Debug|Any CPU.ActiveCfg = Debug|Any CPU
		{C62A95A3-2110-4A40-9150-0C715399B9FE}.Debug|Any CPU.Build.0 = Debug|Any CPU
		{C62A95A3-2110-4A40-9150-0C715399B9FE}.Release|Any CPU.ActiveCfg = Release|Any CPU
		{C62A95A3-2110-4A40-9150-0C715399B9FE}.Release|Any CPU.Build.0 = Release|Any CPU
	EndGlobalSection
	GlobalSection(SolutionProperties) = preSolution
		HideSolutionNode = FALSE
	EndGlobalSection
	GlobalSection(ExtensibilityGlobals) = postSolution
		SolutionGuid = {9EC04F51-7C39-4FC7-A9DC-72D1520AFDA4}
	EndGlobalSection
EndGlobal
